
Microsoft Visual Studio Solution File, Format Version 11.00
# Visual Studio 2010
Project("{FAE04EC0-301F-11D3-BF4B-00C04F79EFBC}") = "UnityEngine.TestRunner", "UnityEngine.TestRunner.csproj", "{f03d1dc8-b544-1505-7cf6-b1d5caffc2b8}"
EndProject
Project("{FAE04EC0-301F-11D3-BF4B-00C04F79EFBC}") = "UnityEngine.UI", "UnityEngine.UI.csproj", "{84b25fe0-99f4-f9a8-9178-e71ee7081aa4}"
EndProject
Project("{FAE04EC0-301F-11D3-BF4B-00C04F79EFBC}") = "Unity.VisualScripting.Flow", "Unity.VisualScripting.Flow.csproj", "{4de92cfc-dd8d-d058-e012-27a8f8d4628b}"
EndProject
Project("{FAE04EC0-301F-11D3-BF4B-00C04F79EFBC}") = "Unity.Services.Core.Telemetry", "Unity.Services.Core.Telemetry.csproj", "{fe7346bc-44ed-ce58-f13f-cb624d92af43}"
EndProject
Project("{FAE04EC0-301F-11D3-BF4B-00C04F79EFBC}") = "Unity.VisualScripting.State", "Unity.VisualScripting.State.csproj", "{64241ac1-14f9-2b1d-21fc-165446f6a77d}"
EndProject
Project("{FAE04EC0-301F-11D3-BF4B-00C04F79EFBC}") = "Unity.VisualScripting.Core", "Unity.VisualScripting.Core.csproj", "{d0d0a6e9-cc0f-56e6-87fa-d89bc1990dc9}"
EndProject
Project("{FAE04EC0-301F-11D3-BF4B-00C04F79EFBC}") = "Unity.Services.Core.Environments.Internal", "Unity.Services.Core.Environments.Internal.csproj", "{620182d7-1cfc-abdb-608b-36bfad9b6a55}"
EndProject
Project("{FAE04EC0-301F-11D3-BF4B-00C04F79EFBC}") = "Unity.TextMeshPro", "Unity.TextMeshPro.csproj", "{c4e5aa42-df3e-b87e-099a-42b01e85d8dc}"
EndProject
Project("{FAE04EC0-301F-11D3-BF4B-00C04F79EFBC}") = "Cinemachine", "Cinemachine.csproj", "{202a4cd0-fe7c-604b-a939-cbdc9ae5e8f5}"
EndProject
Project("{FAE04EC0-301F-11D3-BF4B-00C04F79EFBC}") = "Unity.Timeline", "Unity.Timeline.csproj", "{7f5d7681-0620-8248-6e4e-49ffa20e013e}"
EndProject
Project("{FAE04EC0-301F-11D3-BF4B-00C04F79EFBC}") = "Unity.Services.Core", "Unity.Services.Core.csproj", "{5d67b767-45e6-7293-911a-a00cff0801c7}"
EndProject
Project("{FAE04EC0-301F-11D3-BF4B-00C04F79EFBC}") = "Unity.Services.Core.Environments", "Unity.Services.Core.Environments.csproj", "{713c0bde-9f0d-699c-5313-445759151cfb}"
EndProject
Project("{FAE04EC0-301F-11D3-BF4B-00C04F79EFBC}") = "Unity.Services.Core.Internal", "Unity.Services.Core.Internal.csproj", "{d363dd32-17ff-955a-4942-3e3292f0b071}"
EndProject
Project("{FAE04EC0-301F-11D3-BF4B-00C04F79EFBC}") = "Unity.Services.Core.Analytics", "Unity.Services.Core.Analytics.csproj", "{a9b5f761-c5b3-cbef-da2e-36d163eb12af}"
EndProject
Project("{FAE04EC0-301F-11D3-BF4B-00C04F79EFBC}") = "Unity.Services.Core.Scheduler", "Unity.Services.Core.Scheduler.csproj", "{5fa8361e-b465-f435-12d8-3b5f53157e8f}"
EndProject
Project("{FAE04EC0-301F-11D3-BF4B-00C04F79EFBC}") = "Unity.Services.Core.Registration", "Unity.Services.Core.Registration.csproj", "{a4b585c4-cc19-ed59-e352-1eabff209e9d}"
EndProject
Project("{FAE04EC0-301F-11D3-BF4B-00C04F79EFBC}") = "Unity.Services.Core.Device", "Unity.Services.Core.Device.csproj", "{45c2f576-bbc2-c0e7-cded-99129c248ba7}"
EndProject
Project("{FAE04EC0-301F-11D3-BF4B-00C04F79EFBC}") = "Unity.Services.Core.Threading", "Unity.Services.Core.Threading.csproj", "{6121d8b4-22a2-5704-ac36-171a8eaf9318}"
EndProject
Project("{FAE04EC0-301F-11D3-BF4B-00C04F79EFBC}") = "Unity.Services.Core.Networking", "Unity.Services.Core.Networking.csproj", "{4989f399-2bdb-1e6b-ea92-0c304acbebc5}"
EndProject
Project("{FAE04EC0-301F-11D3-BF4B-00C04F79EFBC}") = "Assembly-CSharp", "Assembly-CSharp.csproj", "{79dbcb31-3981-3617-6312-dcfb8a731858}"
EndProject
Project("{FAE04EC0-301F-11D3-BF4B-00C04F79EFBC}") = "Unity.Services.Core.Configuration", "Unity.Services.Core.Configuration.csproj", "{95399383-abc0-b504-4acf-09ec772671a5}"
EndProject
Project("{FAE04EC0-301F-11D3-BF4B-00C04F79EFBC}") = "Unity.PlasticSCM.Editor", "Unity.PlasticSCM.Editor.csproj", "{ae45d127-e5fa-2bf9-98c0-a2f0c0b19aa5}"
EndProject
Project("{FAE04EC0-301F-11D3-BF4B-00C04F79EFBC}") = "Unity.VisualScripting.Core.Editor", "Unity.VisualScripting.Core.Editor.csproj", "{b9981c92-7ebc-7805-ee77-48e3ed7df1d8}"
EndProject
Project("{FAE04EC0-301F-11D3-BF4B-00C04F79EFBC}") = "Unity.VisualScripting.Flow.Editor", "Unity.VisualScripting.Flow.Editor.csproj", "{ffca3de4-e686-65ac-2b6e-08e49065f399}"
EndProject
Project("{FAE04EC0-301F-11D3-BF4B-00C04F79EFBC}") = "Unity.VisualStudio.Editor", "Unity.VisualStudio.Editor.csproj", "{362c4b5d-3bf4-95ff-2e2a-bc845e4c6f94}"
EndProject
Project("{FAE04EC0-301F-11D3-BF4B-00C04F79EFBC}") = "Unity.Timeline.Editor", "Unity.Timeline.Editor.csproj", "{ec67fc06-74a3-fa2c-555a-7206c2d50384}"
EndProject
Project("{FAE04EC0-301F-11D3-BF4B-00C04F79EFBC}") = "com.unity.cinemachine.editor", "com.unity.cinemachine.editor.csproj", "{5ea7ecac-6827-8a49-c13a-3cbc2b518f88}"
EndProject
Project("{FAE04EC0-301F-11D3-BF4B-00C04F79EFBC}") = "Unity.VisualScripting.State.Editor", "Unity.VisualScripting.State.Editor.csproj", "{2ced33da-47a5-ad76-7924-239929674b8f}"
EndProject
Project("{FAE04EC0-301F-11D3-BF4B-00C04F79EFBC}") = "Unity.TextMeshPro.Editor", "Unity.TextMeshPro.Editor.csproj", "{6caf1064-e258-82b2-a389-06aae98aee6b}"
EndProject
Project("{FAE04EC0-301F-11D3-BF4B-00C04F79EFBC}") = "Unity.VisualScripting.SettingsProvider.Editor", "Unity.VisualScripting.SettingsProvider.Editor.csproj", "{5d043695-4417-8029-c9d2-9a578eb2ed2b}"
EndProject
Project("{FAE04EC0-301F-11D3-BF4B-00C04F79EFBC}") = "Unity.CollabProxy.Editor", "Unity.CollabProxy.Editor.csproj", "{2484dd1f-6c59-eca9-44c2-c4682e2c577a}"
EndProject
Project("{FAE04EC0-301F-11D3-BF4B-00C04F79EFBC}") = "UnityEditor.TestRunner", "UnityEditor.TestRunner.csproj", "{7ea34e3c-4b9d-6e11-c7fc-df9c924b2846}"
EndProject
Project("{FAE04EC0-301F-11D3-BF4B-00C04F79EFBC}") = "Unity.Services.Core.Editor", "Unity.Services.Core.Editor.csproj", "{8ddea4f4-befc-f7bb-629a-62a801aa2b99}"
EndProject
Project("{FAE04EC0-301F-11D3-BF4B-00C04F79EFBC}") = "Unity.TestTools.CodeCoverage.Editor", "Unity.TestTools.CodeCoverage.Editor.csproj", "{de955284-0c25-c26f-dfa6-766aa664ff48}"
EndProject
Project("{FAE04EC0-301F-11D3-BF4B-00C04F79EFBC}") = "Unity.Rider.Editor", "Unity.Rider.Editor.csproj", "{a16a3320-e74d-2223-4824-5df42dda71b6}"
EndProject
Project("{FAE04EC0-301F-11D3-BF4B-00C04F79EFBC}") = "Unity.Performance.Profile-Analyzer.Editor", "Unity.Performance.Profile-Analyzer.Editor.csproj", "{d6b81cb2-1bba-fd86-fe1b-b355ce4c4000}"
EndProject
Project("{FAE04EC0-301F-11D3-BF4B-00C04F79EFBC}") = "Unity.VSCode.Editor", "Unity.VSCode.Editor.csproj", "{af9fb7d4-de1b-7b0d-706b-79b5464a58b6}"
EndProject
Project("{FAE04EC0-301F-11D3-BF4B-00C04F79EFBC}") = "UnityEditor.UI", "UnityEditor.UI.csproj", "{ce7b443b-7bcf-776f-aab7-c5a634c13f66}"
EndProject
Project("{FAE04EC0-301F-11D3-BF4B-00C04F79EFBC}") = "Unity.TestTools.CodeCoverage.Editor.OpenCover.Model", "Unity.TestTools.CodeCoverage.Editor.OpenCover.Model.csproj", "{e73bc201-997a-0d7c-cc50-790a9d78f39a}"
EndProject
Project("{FAE04EC0-301F-11D3-BF4B-00C04F79EFBC}") = "Unity.EditorCoroutines.Editor", "Unity.EditorCoroutines.Editor.csproj", "{e3cc4b35-737c-8182-5f87-a00f8cae1b0b}"
EndProject
Project("{FAE04EC0-301F-11D3-BF4B-00C04F79EFBC}") = "Unity.Settings.Editor", "Unity.Settings.Editor.csproj", "{df617eea-2e3f-e54c-9009-07e28a977c9f}"
EndProject
Project("{FAE04EC0-301F-11D3-BF4B-00C04F79EFBC}") = "Unity.Services.Core.Configuration.Editor", "Unity.Services.Core.Configuration.Editor.csproj", "{3346b806-4b4d-b4b1-edd1-ba6a49563847}"
EndProject
Project("{FAE04EC0-301F-11D3-BF4B-00C04F79EFBC}") = "Unity.TestTools.CodeCoverage.Editor.OpenCover.Mono.Reflection", "Unity.TestTools.CodeCoverage.Editor.OpenCover.Mono.Reflection.csproj", "{925fc467-97dd-3a5f-533e-4ca4590053fb}"
EndProject
Project("{FAE04EC0-301F-11D3-BF4B-00C04F79EFBC}") = "Unity.VisualScripting.Shared.Editor", "Unity.VisualScripting.Shared.Editor.csproj", "{1c4932d0-fc1c-8abb-3074-9faff63506bb}"
EndProject
Global
	GlobalSection(SolutionConfigurationPlatforms) = preSolution
		Debug|Any CPU = Debug|Any CPU
	EndGlobalSection
	GlobalSection(ProjectConfigurationPlatforms) = postSolution
		{f03d1dc8-b544-1505-7cf6-b1d5caffc2b8}.Debug|Any CPU.ActiveCfg = Debug|Any CPU
		{f03d1dc8-b544-1505-7cf6-b1d5caffc2b8}.Debug|Any CPU.Build.0 = Debug|Any CPU
		{84b25fe0-99f4-f9a8-9178-e71ee7081aa4}.Debug|Any CPU.ActiveCfg = Debug|Any CPU
		{84b25fe0-99f4-f9a8-9178-e71ee7081aa4}.Debug|Any CPU.Build.0 = Debug|Any CPU
		{4de92cfc-dd8d-d058-e012-27a8f8d4628b}.Debug|Any CPU.ActiveCfg = Debug|Any CPU
		{4de92cfc-dd8d-d058-e012-27a8f8d4628b}.Debug|Any CPU.Build.0 = Debug|Any CPU
		{fe7346bc-44ed-ce58-f13f-cb624d92af43}.Debug|Any CPU.ActiveCfg = Debug|Any CPU
		{fe7346bc-44ed-ce58-f13f-cb624d92af43}.Debug|Any CPU.Build.0 = Debug|Any CPU
		{64241ac1-14f9-2b1d-21fc-165446f6a77d}.Debug|Any CPU.ActiveCfg = Debug|Any CPU
		{64241ac1-14f9-2b1d-21fc-165446f6a77d}.Debug|Any CPU.Build.0 = Debug|Any CPU
		{d0d0a6e9-cc0f-56e6-87fa-d89bc1990dc9}.Debug|Any CPU.ActiveCfg = Debug|Any CPU
		{d0d0a6e9-cc0f-56e6-87fa-d89bc1990dc9}.Debug|Any CPU.Build.0 = Debug|Any CPU
		{620182d7-1cfc-abdb-608b-36bfad9b6a55}.Debug|Any CPU.ActiveCfg = Debug|Any CPU
		{620182d7-1cfc-abdb-608b-36bfad9b6a55}.Debug|Any CPU.Build.0 = Debug|Any CPU
		{c4e5aa42-df3e-b87e-099a-42b01e85d8dc}.Debug|Any CPU.ActiveCfg = Debug|Any CPU
		{c4e5aa42-df3e-b87e-099a-42b01e85d8dc}.Debug|Any CPU.Build.0 = Debug|Any CPU
		{202a4cd0-fe7c-604b-a939-cbdc9ae5e8f5}.Debug|Any CPU.ActiveCfg = Debug|Any CPU
		{202a4cd0-fe7c-604b-a939-cbdc9ae5e8f5}.Debug|Any CPU.Build.0 = Debug|Any CPU
		{7f5d7681-0620-8248-6e4e-49ffa20e013e}.Debug|Any CPU.ActiveCfg = Debug|Any CPU
		{7f5d7681-0620-8248-6e4e-49ffa20e013e}.Debug|Any CPU.Build.0 = Debug|Any CPU
		{5d67b767-45e6-7293-911a-a00cff0801c7}.Debug|Any CPU.ActiveCfg = Debug|Any CPU
		{5d67b767-45e6-7293-911a-a00cff0801c7}.Debug|Any CPU.Build.0 = Debug|Any CPU
		{713c0bde-9f0d-699c-5313-445759151cfb}.Debug|Any CPU.ActiveCfg = Debug|Any CPU
		{713c0bde-9f0d-699c-5313-445759151cfb}.Debug|Any CPU.Build.0 = Debug|Any CPU
		{d363dd32-17ff-955a-4942-3e3292f0b071}.Debug|Any CPU.ActiveCfg = Debug|Any CPU
		{d363dd32-17ff-955a-4942-3e3292f0b071}.Debug|Any CPU.Build.0 = Debug|Any CPU
		{a9b5f761-c5b3-cbef-da2e-36d163eb12af}.Debug|Any CPU.ActiveCfg = Debug|Any CPU
		{a9b5f761-c5b3-cbef-da2e-36d163eb12af}.Debug|Any CPU.Build.0 = Debug|Any CPU
		{5fa8361e-b465-f435-12d8-3b5f53157e8f}.Debug|Any CPU.ActiveCfg = Debug|Any CPU
		{5fa8361e-b465-f435-12d8-3b5f53157e8f}.Debug|Any CPU.Build.0 = Debug|Any CPU
		{a4b585c4-cc19-ed59-e352-1eabff209e9d}.Debug|Any CPU.ActiveCfg = Debug|Any CPU
		{a4b585c4-cc19-ed59-e352-1eabff209e9d}.Debug|Any CPU.Build.0 = Debug|Any CPU
		{45c2f576-bbc2-c0e7-cded-99129c248ba7}.Debug|Any CPU.ActiveCfg = Debug|Any CPU
		{45c2f576-bbc2-c0e7-cded-99129c248ba7}.Debug|Any CPU.Build.0 = Debug|Any CPU
		{6121d8b4-22a2-5704-ac36-171a8eaf9318}.Debug|Any CPU.ActiveCfg = Debug|Any CPU
		{6121d8b4-22a2-5704-ac36-171a8eaf9318}.Debug|Any CPU.Build.0 = Debug|Any CPU
		{4989f399-2bdb-1e6b-ea92-0c304acbebc5}.Debug|Any CPU.ActiveCfg = Debug|Any CPU
		{4989f399-2bdb-1e6b-ea92-0c304acbebc5}.Debug|Any CPU.Build.0 = Debug|Any CPU
		{79dbcb31-3981-3617-6312-dcfb8a731858}.Debug|Any CPU.ActiveCfg = Debug|Any CPU
		{79dbcb31-3981-3617-6312-dcfb8a731858}.Debug|Any CPU.Build.0 = Debug|Any CPU
		{95399383-abc0-b504-4acf-09ec772671a5}.Debug|Any CPU.ActiveCfg = Debug|Any CPU
		{95399383-abc0-b504-4acf-09ec772671a5}.Debug|Any CPU.Build.0 = Debug|Any CPU
		{ae45d127-e5fa-2bf9-98c0-a2f0c0b19aa5}.Debug|Any CPU.ActiveCfg = Debug|Any CPU
		{ae45d127-e5fa-2bf9-98c0-a2f0c0b19aa5}.Debug|Any CPU.Build.0 = Debug|Any CPU
		{b9981c92-7ebc-7805-ee77-48e3ed7df1d8}.Debug|Any CPU.ActiveCfg = Debug|Any CPU
		{b9981c92-7ebc-7805-ee77-48e3ed7df1d8}.Debug|Any CPU.Build.0 = Debug|Any CPU
		{ffca3de4-e686-65ac-2b6e-08e49065f399}.Debug|Any CPU.ActiveCfg = Debug|Any CPU
		{ffca3de4-e686-65ac-2b6e-08e49065f399}.Debug|Any CPU.Build.0 = Debug|Any CPU
		{362c4b5d-3bf4-95ff-2e2a-bc845e4c6f94}.Debug|Any CPU.ActiveCfg = Debug|Any CPU
		{362c4b5d-3bf4-95ff-2e2a-bc845e4c6f94}.Debug|Any CPU.Build.0 = Debug|Any CPU
		{ec67fc06-74a3-fa2c-555a-7206c2d50384}.Debug|Any CPU.ActiveCfg = Debug|Any CPU
		{ec67fc06-74a3-fa2c-555a-7206c2d50384}.Debug|Any CPU.Build.0 = Debug|Any CPU
		{5ea7ecac-6827-8a49-c13a-3cbc2b518f88}.Debug|Any CPU.ActiveCfg = Debug|Any CPU
		{5ea7ecac-6827-8a49-c13a-3cbc2b518f88}.Debug|Any CPU.Build.0 = Debug|Any CPU
		{2ced33da-47a5-ad76-7924-239929674b8f}.Debug|Any CPU.ActiveCfg = Debug|Any CPU
		{2ced33da-47a5-ad76-7924-239929674b8f}.Debug|Any CPU.Build.0 = Debug|Any CPU
		{6caf1064-e258-82b2-a389-06aae98aee6b}.Debug|Any CPU.ActiveCfg = Debug|Any CPU
		{6caf1064-e258-82b2-a389-06aae98aee6b}.Debug|Any CPU.Build.0 = Debug|Any CPU
		{5d043695-4417-8029-c9d2-9a578eb2ed2b}.Debug|Any CPU.ActiveCfg = Debug|Any CPU
		{5d043695-4417-8029-c9d2-9a578eb2ed2b}.Debug|Any CPU.Build.0 = Debug|Any CPU
		{2484dd1f-6c59-eca9-44c2-c4682e2c577a}.Debug|Any CPU.ActiveCfg = Debug|Any CPU
		{2484dd1f-6c59-eca9-44c2-c4682e2c577a}.Debug|Any CPU.Build.0 = Debug|Any CPU
		{7ea34e3c-4b9d-6e11-c7fc-df9c924b2846}.Debug|Any CPU.ActiveCfg = Debug|Any CPU
		{7ea34e3c-4b9d-6e11-c7fc-df9c924b2846}.Debug|Any CPU.Build.0 = Debug|Any CPU
		{8ddea4f4-befc-f7bb-629a-62a801aa2b99}.Debug|Any CPU.ActiveCfg = Debug|Any CPU
		{8ddea4f4-befc-f7bb-629a-62a801aa2b99}.Debug|Any CPU.Build.0 = Debug|Any CPU
		{de955284-0c25-c26f-dfa6-766aa664ff48}.Debug|Any CPU.ActiveCfg = Debug|Any CPU
		{de955284-0c25-c26f-dfa6-766aa664ff48}.Debug|Any CPU.Build.0 = Debug|Any CPU
		{a16a3320-e74d-2223-4824-5df42dda71b6}.Debug|Any CPU.ActiveCfg = Debug|Any CPU
		{a16a3320-e74d-2223-4824-5df42dda71b6}.Debug|Any CPU.Build.0 = Debug|Any CPU
		{d6b81cb2-1bba-fd86-fe1b-b355ce4c4000}.Debug|Any CPU.ActiveCfg = Debug|Any CPU
		{d6b81cb2-1bba-fd86-fe1b-b355ce4c4000}.Debug|Any CPU.Build.0 = Debug|Any CPU
		{af9fb7d4-de1b-7b0d-706b-79b5464a58b6}.Debug|Any CPU.ActiveCfg = Debug|Any CPU
		{af9fb7d4-de1b-7b0d-706b-79b5464a58b6}.Debug|Any CPU.Build.0 = Debug|Any CPU
		{ce7b443b-7bcf-776f-aab7-c5a634c13f66}.Debug|Any CPU.ActiveCfg = Debug|Any CPU
		{ce7b443b-7bcf-776f-aab7-c5a634c13f66}.Debug|Any CPU.Build.0 = Debug|Any CPU
		{e73bc201-997a-0d7c-cc50-790a9d78f39a}.Debug|Any CPU.ActiveCfg = Debug|Any CPU
		{e73bc201-997a-0d7c-cc50-790a9d78f39a}.Debug|Any CPU.Build.0 = Debug|Any CPU
		{e3cc4b35-737c-8182-5f87-a00f8cae1b0b}.Debug|Any CPU.ActiveCfg = Debug|Any CPU
		{e3cc4b35-737c-8182-5f87-a00f8cae1b0b}.Debug|Any CPU.Build.0 = Debug|Any CPU
		{df617eea-2e3f-e54c-9009-07e28a977c9f}.Debug|Any CPU.ActiveCfg = Debug|Any CPU
		{df617eea-2e3f-e54c-9009-07e28a977c9f}.Debug|Any CPU.Build.0 = Debug|Any CPU
		{3346b806-4b4d-b4b1-edd1-ba6a49563847}.Debug|Any CPU.ActiveCfg = Debug|Any CPU
		{3346b806-4b4d-b4b1-edd1-ba6a49563847}.Debug|Any CPU.Build.0 = Debug|Any CPU
		{925fc467-97dd-3a5f-533e-4ca4590053fb}.Debug|Any CPU.ActiveCfg = Debug|Any CPU
		{925fc467-97dd-3a5f-533e-4ca4590053fb}.Debug|Any CPU.Build.0 = Debug|Any CPU
		{1c4932d0-fc1c-8abb-3074-9faff63506bb}.Debug|Any CPU.ActiveCfg = Debug|Any CPU
		{1c4932d0-fc1c-8abb-3074-9faff63506bb}.Debug|Any CPU.Build.0 = Debug|Any CPU
	EndGlobalSection
	GlobalSection(SolutionProperties) = preSolution
		HideSolutionNode = FALSE
	EndGlobalSection
EndGlobal
